// !$*UTF8*$!
{
	archiveVersion = 1;
	classes = {
	};
	objectVersion = 50;
	objects = {

/* Begin PBXBuildFile section */
		5E5AD29A2291E2B8001979E7 /* GoogleService-Info.plist in Resources */ = {isa = PBXBuildFile; fileRef = 5E5AD2992291E2B8001979E7 /* GoogleService-Info.plist */; };
		5E5AD29C2291E60B001979E7 /* ForgotPasswordViewController.swift in Sources */ = {isa = PBXBuildFile; fileRef = 5E5AD29B2291E60B001979E7 /* ForgotPasswordViewController.swift */; };
		5E6926A7228755C000AF50FC /* Authenticate.swift in Sources */ = {isa = PBXBuildFile; fileRef = 5E6926A6228755C000AF50FC /* Authenticate.swift */; };
		5E71331C2291E7D6003ABFC8 /* LaunchScreenViewController.swift in Sources */ = {isa = PBXBuildFile; fileRef = 5E71331B2291E7D6003ABFC8 /* LaunchScreenViewController.swift */; };
		5E71331E2291E97A003ABFC8 /* SignUpViewController.swift in Sources */ = {isa = PBXBuildFile; fileRef = 5E71331D2291E97A003ABFC8 /* SignUpViewController.swift */; };
		5E7133202291EA91003ABFC8 /* VerificationScreenViewController.swift in Sources */ = {isa = PBXBuildFile; fileRef = 5E71331F2291EA91003ABFC8 /* VerificationScreenViewController.swift */; };
		5E7133222291FFC9003ABFC8 /* User.swift in Sources */ = {isa = PBXBuildFile; fileRef = 5E7133212291FFC9003ABFC8 /* User.swift */; };
		5E71332422920035003ABFC8 /* WriteToDatabase.swift in Sources */ = {isa = PBXBuildFile; fileRef = 5E71332322920035003ABFC8 /* WriteToDatabase.swift */; };
		5E71332A22920C93003ABFC8 /* loadingAnimation.json in Resources */ = {isa = PBXBuildFile; fileRef = 5E71332922920C93003ABFC8 /* loadingAnimation.json */; };
		5E8F42D922A45F3F00671BEE /* Renting.storyboard in Resources */ = {isa = PBXBuildFile; fileRef = 5E8F42D822A45F3F00671BEE /* Renting.storyboard */; };
		5E8F42DB22A4637700671BEE /* SerialNumberViewController.swift in Sources */ = {isa = PBXBuildFile; fileRef = 5E8F42DA22A4637700671BEE /* SerialNumberViewController.swift */; };
		5E8F42DD22A468E800671BEE /* SelectPaymentViewController.swift in Sources */ = {isa = PBXBuildFile; fileRef = 5E8F42DC22A468E800671BEE /* SelectPaymentViewController.swift */; };
		5E8F42DF22A46A0B00671BEE /* CardNumberTableViewCell.swift in Sources */ = {isa = PBXBuildFile; fileRef = 5E8F42DE22A46A0B00671BEE /* CardNumberTableViewCell.swift */; };
		5E8F42E122A472E500671BEE /* AddACardTableViewCell.swift in Sources */ = {isa = PBXBuildFile; fileRef = 5E8F42E022A472E500671BEE /* AddACardTableViewCell.swift */; };
		5E8F42E322A47BF000671BEE /* CurrentStatusViewController.swift in Sources */ = {isa = PBXBuildFile; fileRef = 5E8F42E222A47BF000671BEE /* CurrentStatusViewController.swift */; };
		5E8F42E622A4807100671BEE /* HowToRent.storyboard in Resources */ = {isa = PBXBuildFile; fileRef = 5E8F42E522A4807100671BEE /* HowToRent.storyboard */; };
		5E8F42EA22A492F400671BEE /* FirstPageViewController.swift in Sources */ = {isa = PBXBuildFile; fileRef = 5E8F42E922A492F400671BEE /* FirstPageViewController.swift */; };
		5E8F42EC22A4938100671BEE /* SecondPageViewController.swift in Sources */ = {isa = PBXBuildFile; fileRef = 5E8F42EB22A4938100671BEE /* SecondPageViewController.swift */; };
		5E8F42EE22A4938D00671BEE /* ThirdPageViewController.swift in Sources */ = {isa = PBXBuildFile; fileRef = 5E8F42ED22A4938D00671BEE /* ThirdPageViewController.swift */; };
		5E8F42F022A4B72D00671BEE /* PaymentScreenViewController.swift in Sources */ = {isa = PBXBuildFile; fileRef = 5E8F42EF22A4B72D00671BEE /* PaymentScreenViewController.swift */; };
		5E8F42F222A4C10300671BEE /* CardNumber2TableViewCell.swift in Sources */ = {isa = PBXBuildFile; fileRef = 5E8F42F122A4C10300671BEE /* CardNumber2TableViewCell.swift */; };
		5E8F42F422A4C12A00671BEE /* AddACard2TableViewCell.swift in Sources */ = {isa = PBXBuildFile; fileRef = 5E8F42F322A4C12A00671BEE /* AddACard2TableViewCell.swift */; };
		5EA43614228748110022D9AE /* AppDelegate.swift in Sources */ = {isa = PBXBuildFile; fileRef = 5EA43613228748110022D9AE /* AppDelegate.swift */; };
		5EA43616228748110022D9AE /* ViewController.swift in Sources */ = {isa = PBXBuildFile; fileRef = 5EA43615228748110022D9AE /* ViewController.swift */; };
		5EA43619228748110022D9AE /* Main.storyboard in Resources */ = {isa = PBXBuildFile; fileRef = 5EA43617228748110022D9AE /* Main.storyboard */; };
		5EA4361B228748120022D9AE /* Assets.xcassets in Resources */ = {isa = PBXBuildFile; fileRef = 5EA4361A228748120022D9AE /* Assets.xcassets */; };
		5EA4361E228748120022D9AE /* LaunchScreen.storyboard in Resources */ = {isa = PBXBuildFile; fileRef = 5EA4361C228748120022D9AE /* LaunchScreen.storyboard */; };
		5EDAE8E6229C65D700562D97 /* Bluetooth.storyboard in Resources */ = {isa = PBXBuildFile; fileRef = 5EDAE8E5229C65D700562D97 /* Bluetooth.storyboard */; };
		5EDAE8E9229C666300562D97 /* BluetoothViewController.swift in Sources */ = {isa = PBXBuildFile; fileRef = 5EDAE8E8229C666300562D97 /* BluetoothViewController.swift */; };
		5EDAE8EF229C6ABF00562D97 /* BluetoothInterface.swift in Sources */ = {isa = PBXBuildFile; fileRef = 5EDAE8EE229C6ABF00562D97 /* BluetoothInterface.swift */; };
		5EDAE8F1229C711600562D97 /* LandingPage.storyboard in Resources */ = {isa = PBXBuildFile; fileRef = 5EDAE8F0229C711600562D97 /* LandingPage.storyboard */; };
		5EDAE8F4229C714900562D97 /* LandingPageViewController.swift in Sources */ = {isa = PBXBuildFile; fileRef = 5EDAE8F3229C714900562D97 /* LandingPageViewController.swift */; };
		5EDAE8F6229C7C0500562D97 /* MenuBarViewController.swift in Sources */ = {isa = PBXBuildFile; fileRef = 5EDAE8F5229C7C0500562D97 /* MenuBarViewController.swift */; };
		5EDAE8F8229C821600562D97 /* GradientLayer.swift in Sources */ = {isa = PBXBuildFile; fileRef = 5EDAE8F7229C821600562D97 /* GradientLayer.swift */; };
		5EDAE8FA229C997C00562D97 /* PaymentViewController.swift in Sources */ = {isa = PBXBuildFile; fileRef = 5EDAE8F9229C997C00562D97 /* PaymentViewController.swift */; };
		5EDAE8FC229CAA6B00562D97 /* SettingsViewController.swift in Sources */ = {isa = PBXBuildFile; fileRef = 5EDAE8FB229CAA6B00562D97 /* SettingsViewController.swift */; };
		C08FA8142E1588395E9CA6E2 /* Pods_Pascal.framework in Frameworks */ = {isa = PBXBuildFile; fileRef = 6809D9CB123D693A65C249BD /* Pods_Pascal.framework */; };
/* End PBXBuildFile section */

/* Begin PBXFileReference section */
		41CD434056A190D3718DAC9A /* Pods-Pascal.release.xcconfig */ = {isa = PBXFileReference; includeInIndex = 1; lastKnownFileType = text.xcconfig; name = "Pods-Pascal.release.xcconfig"; path = "Pods/Target Support Files/Pods-Pascal/Pods-Pascal.release.xcconfig"; sourceTree = "<group>"; };
		5E5AD2992291E2B8001979E7 /* GoogleService-Info.plist */ = {isa = PBXFileReference; fileEncoding = 4; lastKnownFileType = text.plist.xml; path = "GoogleService-Info.plist"; sourceTree = "<group>"; };
		5E5AD29B2291E60B001979E7 /* ForgotPasswordViewController.swift */ = {isa = PBXFileReference; lastKnownFileType = sourcecode.swift; path = ForgotPasswordViewController.swift; sourceTree = "<group>"; };
		5E6926A6228755C000AF50FC /* Authenticate.swift */ = {isa = PBXFileReference; lastKnownFileType = sourcecode.swift; path = Authenticate.swift; sourceTree = "<group>"; };
		5E71331B2291E7D6003ABFC8 /* LaunchScreenViewController.swift */ = {isa = PBXFileReference; lastKnownFileType = sourcecode.swift; path = LaunchScreenViewController.swift; sourceTree = "<group>"; };
		5E71331D2291E97A003ABFC8 /* SignUpViewController.swift */ = {isa = PBXFileReference; lastKnownFileType = sourcecode.swift; path = SignUpViewController.swift; sourceTree = "<group>"; };
		5E71331F2291EA91003ABFC8 /* VerificationScreenViewController.swift */ = {isa = PBXFileReference; lastKnownFileType = sourcecode.swift; path = VerificationScreenViewController.swift; sourceTree = "<group>"; };
		5E7133212291FFC9003ABFC8 /* User.swift */ = {isa = PBXFileReference; lastKnownFileType = sourcecode.swift; path = User.swift; sourceTree = "<group>"; };
		5E71332322920035003ABFC8 /* WriteToDatabase.swift */ = {isa = PBXFileReference; lastKnownFileType = sourcecode.swift; path = WriteToDatabase.swift; sourceTree = "<group>"; };
		5E71332922920C93003ABFC8 /* loadingAnimation.json */ = {isa = PBXFileReference; fileEncoding = 4; lastKnownFileType = text.json; name = loadingAnimation.json; path = ../../loadingAnimation.json; sourceTree = "<group>"; };
		5E8F42D822A45F3F00671BEE /* Renting.storyboard */ = {isa = PBXFileReference; lastKnownFileType = file.storyboard; path = Renting.storyboard; sourceTree = "<group>"; };
		5E8F42DA22A4637700671BEE /* SerialNumberViewController.swift */ = {isa = PBXFileReference; lastKnownFileType = sourcecode.swift; path = SerialNumberViewController.swift; sourceTree = "<group>"; };
		5E8F42DC22A468E800671BEE /* SelectPaymentViewController.swift */ = {isa = PBXFileReference; lastKnownFileType = sourcecode.swift; path = SelectPaymentViewController.swift; sourceTree = "<group>"; };
		5E8F42DE22A46A0B00671BEE /* CardNumberTableViewCell.swift */ = {isa = PBXFileReference; lastKnownFileType = sourcecode.swift; path = CardNumberTableViewCell.swift; sourceTree = "<group>"; };
		5E8F42E022A472E500671BEE /* AddACardTableViewCell.swift */ = {isa = PBXFileReference; lastKnownFileType = sourcecode.swift; path = AddACardTableViewCell.swift; sourceTree = "<group>"; };
		5E8F42E222A47BF000671BEE /* CurrentStatusViewController.swift */ = {isa = PBXFileReference; lastKnownFileType = sourcecode.swift; path = CurrentStatusViewController.swift; sourceTree = "<group>"; };
		5E8F42E522A4807100671BEE /* HowToRent.storyboard */ = {isa = PBXFileReference; lastKnownFileType = file.storyboard; path = HowToRent.storyboard; sourceTree = "<group>"; };
		5E8F42E922A492F400671BEE /* FirstPageViewController.swift */ = {isa = PBXFileReference; lastKnownFileType = sourcecode.swift; path = FirstPageViewController.swift; sourceTree = "<group>"; };
		5E8F42EB22A4938100671BEE /* SecondPageViewController.swift */ = {isa = PBXFileReference; lastKnownFileType = sourcecode.swift; path = SecondPageViewController.swift; sourceTree = "<group>"; };
		5E8F42ED22A4938D00671BEE /* ThirdPageViewController.swift */ = {isa = PBXFileReference; lastKnownFileType = sourcecode.swift; path = ThirdPageViewController.swift; sourceTree = "<group>"; };
		5E8F42EF22A4B72D00671BEE /* PaymentScreenViewController.swift */ = {isa = PBXFileReference; lastKnownFileType = sourcecode.swift; path = PaymentScreenViewController.swift; sourceTree = "<group>"; };
		5E8F42F122A4C10300671BEE /* CardNumber2TableViewCell.swift */ = {isa = PBXFileReference; lastKnownFileType = sourcecode.swift; path = CardNumber2TableViewCell.swift; sourceTree = "<group>"; };
		5E8F42F322A4C12A00671BEE /* AddACard2TableViewCell.swift */ = {isa = PBXFileReference; lastKnownFileType = sourcecode.swift; path = AddACard2TableViewCell.swift; sourceTree = "<group>"; };
		5EA43610228748110022D9AE /* Pascal.app */ = {isa = PBXFileReference; explicitFileType = wrapper.application; includeInIndex = 0; path = Pascal.app; sourceTree = BUILT_PRODUCTS_DIR; };
		5EA43613228748110022D9AE /* AppDelegate.swift */ = {isa = PBXFileReference; lastKnownFileType = sourcecode.swift; path = AppDelegate.swift; sourceTree = "<group>"; };
		5EA43615228748110022D9AE /* ViewController.swift */ = {isa = PBXFileReference; lastKnownFileType = sourcecode.swift; path = ViewController.swift; sourceTree = "<group>"; };
		5EA43618228748110022D9AE /* Base */ = {isa = PBXFileReference; lastKnownFileType = file.storyboard; name = Base; path = Base.lproj/Main.storyboard; sourceTree = "<group>"; };
		5EA4361A228748120022D9AE /* Assets.xcassets */ = {isa = PBXFileReference; lastKnownFileType = folder.assetcatalog; path = Assets.xcassets; sourceTree = "<group>"; };
		5EA4361D228748120022D9AE /* Base */ = {isa = PBXFileReference; lastKnownFileType = file.storyboard; name = Base; path = Base.lproj/LaunchScreen.storyboard; sourceTree = "<group>"; };
		5EA4361F228748120022D9AE /* Info.plist */ = {isa = PBXFileReference; lastKnownFileType = text.plist.xml; path = Info.plist; sourceTree = "<group>"; };
		5EDAE8E5229C65D700562D97 /* Bluetooth.storyboard */ = {isa = PBXFileReference; lastKnownFileType = file.storyboard; path = Bluetooth.storyboard; sourceTree = "<group>"; };
		5EDAE8E8229C666300562D97 /* BluetoothViewController.swift */ = {isa = PBXFileReference; lastKnownFileType = sourcecode.swift; path = BluetoothViewController.swift; sourceTree = "<group>"; };
		5EDAE8EE229C6ABF00562D97 /* BluetoothInterface.swift */ = {isa = PBXFileReference; lastKnownFileType = sourcecode.swift; path = BluetoothInterface.swift; sourceTree = "<group>"; };
		5EDAE8F0229C711600562D97 /* LandingPage.storyboard */ = {isa = PBXFileReference; lastKnownFileType = file.storyboard; path = LandingPage.storyboard; sourceTree = "<group>"; };
		5EDAE8F3229C714900562D97 /* LandingPageViewController.swift */ = {isa = PBXFileReference; lastKnownFileType = sourcecode.swift; path = LandingPageViewController.swift; sourceTree = "<group>"; };
		5EDAE8F5229C7C0500562D97 /* MenuBarViewController.swift */ = {isa = PBXFileReference; lastKnownFileType = sourcecode.swift; path = MenuBarViewController.swift; sourceTree = "<group>"; };
		5EDAE8F7229C821600562D97 /* GradientLayer.swift */ = {isa = PBXFileReference; lastKnownFileType = sourcecode.swift; path = GradientLayer.swift; sourceTree = "<group>"; };
		5EDAE8F9229C997C00562D97 /* PaymentViewController.swift */ = {isa = PBXFileReference; lastKnownFileType = sourcecode.swift; path = PaymentViewController.swift; sourceTree = "<group>"; };
		5EDAE8FB229CAA6B00562D97 /* SettingsViewController.swift */ = {isa = PBXFileReference; lastKnownFileType = sourcecode.swift; path = SettingsViewController.swift; sourceTree = "<group>"; };
		6809D9CB123D693A65C249BD /* Pods_Pascal.framework */ = {isa = PBXFileReference; explicitFileType = wrapper.framework; includeInIndex = 0; path = Pods_Pascal.framework; sourceTree = BUILT_PRODUCTS_DIR; };
		8D7F274FB70AB869C2962C77 /* Pods-Pascal.debug.xcconfig */ = {isa = PBXFileReference; includeInIndex = 1; lastKnownFileType = text.xcconfig; name = "Pods-Pascal.debug.xcconfig"; path = "Pods/Target Support Files/Pods-Pascal/Pods-Pascal.debug.xcconfig"; sourceTree = "<group>"; };
/* End PBXFileReference section */

/* Begin PBXFrameworksBuildPhase section */
		5EA4360D228748110022D9AE /* Frameworks */ = {
			isa = PBXFrameworksBuildPhase;
			buildActionMask = 2147483647;
			files = (
				C08FA8142E1588395E9CA6E2 /* Pods_Pascal.framework in Frameworks */,
			);
			runOnlyForDeploymentPostprocessing = 0;
		};
/* End PBXFrameworksBuildPhase section */

/* Begin PBXGroup section */
		03729D7143FF83F4361E9913 /* Pods */ = {
			isa = PBXGroup;
			children = (
				8D7F274FB70AB869C2962C77 /* Pods-Pascal.debug.xcconfig */,
				41CD434056A190D3718DAC9A /* Pods-Pascal.release.xcconfig */,
			);
			name = Pods;
			sourceTree = "<group>";
		};
		5E8F42D622A44FE200671BEE /* Database */ = {
			isa = PBXGroup;
			children = (
				5E7133212291FFC9003ABFC8 /* User.swift */,
				5E6926A6228755C000AF50FC /* Authenticate.swift */,
				5E71332322920035003ABFC8 /* WriteToDatabase.swift */,
			);
			path = Database;
			sourceTree = "<group>";
		};
		5E8F42D722A45F2200671BEE /* Renting */ = {
			isa = PBXGroup;
			children = (
				5E8F42D822A45F3F00671BEE /* Renting.storyboard */,
				5E8F42DA22A4637700671BEE /* SerialNumberViewController.swift */,
				5E8F42E222A47BF000671BEE /* CurrentStatusViewController.swift */,
				5E8F42DC22A468E800671BEE /* SelectPaymentViewController.swift */,
				5E8F42DE22A46A0B00671BEE /* CardNumberTableViewCell.swift */,
				5E8F42E022A472E500671BEE /* AddACardTableViewCell.swift */,
			);
			path = Renting;
			sourceTree = "<group>";
		};
		5E8F42E422A4805C00671BEE /* How To Rent */ = {
			isa = PBXGroup;
			children = (
				5E8F42E522A4807100671BEE /* HowToRent.storyboard */,
				5E8F42E922A492F400671BEE /* FirstPageViewController.swift */,
				5E8F42EB22A4938100671BEE /* SecondPageViewController.swift */,
				5E8F42ED22A4938D00671BEE /* ThirdPageViewController.swift */,
			);
			path = "How To Rent";
			sourceTree = "<group>";
		};
		5EA43607228748110022D9AE = {
			isa = PBXGroup;
			children = (
				5EA43612228748110022D9AE /* Pascal */,
				5EA43611228748110022D9AE /* Products */,
				03729D7143FF83F4361E9913 /* Pods */,
				F1990279EEE1E9B3285B275A /* Frameworks */,
			);
			sourceTree = "<group>";
		};
		5EA43611228748110022D9AE /* Products */ = {
			isa = PBXGroup;
			children = (
				5EA43610228748110022D9AE /* Pascal.app */,
			);
			name = Products;
			sourceTree = "<group>";
		};
		5EA43612228748110022D9AE /* Pascal */ = {
			isa = PBXGroup;
			children = (
				5E8F42E422A4805C00671BEE /* How To Rent */,
				5E8F42D722A45F2200671BEE /* Renting */,
				5E8F42D622A44FE200671BEE /* Database */,
				5EDAE8F2229C712100562D97 /* Landing Page */,
				5EDAE8E7229C65DC00562D97 /* Bluetooth */,
				5EA43613228748110022D9AE /* AppDelegate.swift */,
				5E71331B2291E7D6003ABFC8 /* LaunchScreenViewController.swift */,
				5EA43615228748110022D9AE /* ViewController.swift */,
				5E5AD29B2291E60B001979E7 /* ForgotPasswordViewController.swift */,
				5E71331D2291E97A003ABFC8 /* SignUpViewController.swift */,
				5E71331F2291EA91003ABFC8 /* VerificationScreenViewController.swift */,
				5EA43617228748110022D9AE /* Main.storyboard */,
				5EA4361A228748120022D9AE /* Assets.xcassets */,
				5EA4361C228748120022D9AE /* LaunchScreen.storyboard */,
				5EA4361F228748120022D9AE /* Info.plist */,
				5E5AD2992291E2B8001979E7 /* GoogleService-Info.plist */,
				5E71332922920C93003ABFC8 /* loadingAnimation.json */,
				5EDAE8EE229C6ABF00562D97 /* BluetoothInterface.swift */,
			);
			path = Pascal;
			sourceTree = "<group>";
		};
		5EDAE8E7229C65DC00562D97 /* Bluetooth */ = {
			isa = PBXGroup;
			children = (
				5EDAE8E5229C65D700562D97 /* Bluetooth.storyboard */,
				5EDAE8E8229C666300562D97 /* BluetoothViewController.swift */,
			);
			path = Bluetooth;
			sourceTree = "<group>";
		};
		5EDAE8F2229C712100562D97 /* Landing Page */ = {
			isa = PBXGroup;
			children = (
				5EDAE8F0229C711600562D97 /* LandingPage.storyboard */,
				5EDAE8F3229C714900562D97 /* LandingPageViewController.swift */,
				5EDAE8F5229C7C0500562D97 /* MenuBarViewController.swift */,
				5EDAE8F9229C997C00562D97 /* PaymentViewController.swift */,
				5E8F42EF22A4B72D00671BEE /* PaymentScreenViewController.swift */,
				5EDAE8FB229CAA6B00562D97 /* SettingsViewController.swift */,
				5EDAE8F7229C821600562D97 /* GradientLayer.swift */,
				5E8F42F122A4C10300671BEE /* CardNumber2TableViewCell.swift */,
				5E8F42F322A4C12A00671BEE /* AddACard2TableViewCell.swift */,
			);
			path = "Landing Page";
			sourceTree = "<group>";
		};
		F1990279EEE1E9B3285B275A /* Frameworks */ = {
			isa = PBXGroup;
			children = (
				6809D9CB123D693A65C249BD /* Pods_Pascal.framework */,
			);
			name = Frameworks;
			sourceTree = "<group>";
		};
/* End PBXGroup section */

/* Begin PBXNativeTarget section */
		5EA4360F228748110022D9AE /* Pascal */ = {
			isa = PBXNativeTarget;
			buildConfigurationList = 5EA43622228748120022D9AE /* Build configuration list for PBXNativeTarget "Pascal" */;
			buildPhases = (
				A8E7554B3CE779B5FCCD369F /* [CP] Check Pods Manifest.lock */,
				5EA4360C228748110022D9AE /* Sources */,
				5EA4360D228748110022D9AE /* Frameworks */,
				5EA4360E228748110022D9AE /* Resources */,
				4956F7DB26D9E71D1A915626 /* [CP] Embed Pods Frameworks */,
				164DFCC462F76BE9474D99C8 /* [CP] Copy Pods Resources */,
			);
			buildRules = (
			);
			dependencies = (
			);
			name = Pascal;
			productName = Pascal;
			productReference = 5EA43610228748110022D9AE /* Pascal.app */;
			productType = "com.apple.product-type.application";
		};
/* End PBXNativeTarget section */

/* Begin PBXProject section */
		5EA43608228748110022D9AE /* Project object */ = {
			isa = PBXProject;
			attributes = {
				LastSwiftUpdateCheck = 1020;
				LastUpgradeCheck = 1020;
				ORGANIZATIONNAME = "ECE 140";
				TargetAttributes = {
					5EA4360F228748110022D9AE = {
						CreatedOnToolsVersion = 10.2.1;
					};
				};
			};
			buildConfigurationList = 5EA4360B228748110022D9AE /* Build configuration list for PBXProject "Pascal" */;
			compatibilityVersion = "Xcode 9.3";
			developmentRegion = en;
			hasScannedForEncodings = 0;
			knownRegions = (
				en,
				Base,
			);
			mainGroup = 5EA43607228748110022D9AE;
			productRefGroup = 5EA43611228748110022D9AE /* Products */;
			projectDirPath = "";
			projectRoot = "";
			targets = (
				5EA4360F228748110022D9AE /* Pascal */,
			);
		};
/* End PBXProject section */

/* Begin PBXResourcesBuildPhase section */
		5EA4360E228748110022D9AE /* Resources */ = {
			isa = PBXResourcesBuildPhase;
			buildActionMask = 2147483647;
			files = (
				5E8F42D922A45F3F00671BEE /* Renting.storyboard in Resources */,
				5EA4361E228748120022D9AE /* LaunchScreen.storyboard in Resources */,
				5E5AD29A2291E2B8001979E7 /* GoogleService-Info.plist in Resources */,
				5E71332A22920C93003ABFC8 /* loadingAnimation.json in Resources */,
				5EA4361B228748120022D9AE /* Assets.xcassets in Resources */,
				5EDAE8F1229C711600562D97 /* LandingPage.storyboard in Resources */,
				5EA43619228748110022D9AE /* Main.storyboard in Resources */,
				5E8F42E622A4807100671BEE /* HowToRent.storyboard in Resources */,
				5EDAE8E6229C65D700562D97 /* Bluetooth.storyboard in Resources */,
			);
			runOnlyForDeploymentPostprocessing = 0;
		};
/* End PBXResourcesBuildPhase section */

/* Begin PBXShellScriptBuildPhase section */
		164DFCC462F76BE9474D99C8 /* [CP] Copy Pods Resources */ = {
			isa = PBXShellScriptBuildPhase;
			buildActionMask = 2147483647;
			files = (
			);
			inputFileListPaths = (
			);
			inputPaths = (
				"${SRCROOT}/Pods/Target Support Files/Pods-Pascal/Pods-Pascal-resources.sh",
				"${PODS_ROOT}/GoogleMaps/Maps/Frameworks/GoogleMaps.framework/Resources/GoogleMaps.bundle",
				"${PODS_ROOT}/GooglePlaces/Frameworks/GooglePlaces.framework/Resources/GooglePlaces.bundle",
			);
			name = "[CP] Copy Pods Resources";
			outputFileListPaths = (
			);
			outputPaths = (
				"${TARGET_BUILD_DIR}/${UNLOCALIZED_RESOURCES_FOLDER_PATH}/GoogleMaps.bundle",
				"${TARGET_BUILD_DIR}/${UNLOCALIZED_RESOURCES_FOLDER_PATH}/GooglePlaces.bundle",
			);
			runOnlyForDeploymentPostprocessing = 0;
			shellPath = /bin/sh;
			shellScript = "\"${SRCROOT}/Pods/Target Support Files/Pods-Pascal/Pods-Pascal-resources.sh\"\n";
			showEnvVarsInLog = 0;
		};
		4956F7DB26D9E71D1A915626 /* [CP] Embed Pods Frameworks */ = {
			isa = PBXShellScriptBuildPhase;
			buildActionMask = 2147483647;
			files = (
			);
			inputFileListPaths = (
			);
			inputPaths = (
				"${SRCROOT}/Pods/Target Support Files/Pods-Pascal/Pods-Pascal-frameworks.sh",
				"${BUILT_PRODUCTS_DIR}/BoringSSL-GRPC/openssl_grpc.framework",
				"${BUILT_PRODUCTS_DIR}/GTMSessionFetcher/GTMSessionFetcher.framework",
				"${BUILT_PRODUCTS_DIR}/GoogleUtilities/GoogleUtilities.framework",
				"${BUILT_PRODUCTS_DIR}/Protobuf/Protobuf.framework",
				"${BUILT_PRODUCTS_DIR}/gRPC-C++/grpcpp.framework",
				"${BUILT_PRODUCTS_DIR}/gRPC-Core/grpc.framework",
				"${BUILT_PRODUCTS_DIR}/leveldb-library/leveldb.framework",
				"${BUILT_PRODUCTS_DIR}/lottie-ios/Lottie.framework",
				"${BUILT_PRODUCTS_DIR}/nanopb/nanopb.framework",
			);
			name = "[CP] Embed Pods Frameworks";
			outputFileListPaths = (
			);
			outputPaths = (
				"${TARGET_BUILD_DIR}/${FRAMEWORKS_FOLDER_PATH}/openssl_grpc.framework",
				"${TARGET_BUILD_DIR}/${FRAMEWORKS_FOLDER_PATH}/GTMSessionFetcher.framework",
				"${TARGET_BUILD_DIR}/${FRAMEWORKS_FOLDER_PATH}/GoogleUtilities.framework",
				"${TARGET_BUILD_DIR}/${FRAMEWORKS_FOLDER_PATH}/Protobuf.framework",
				"${TARGET_BUILD_DIR}/${FRAMEWORKS_FOLDER_PATH}/grpcpp.framework",
				"${TARGET_BUILD_DIR}/${FRAMEWORKS_FOLDER_PATH}/grpc.framework",
				"${TARGET_BUILD_DIR}/${FRAMEWORKS_FOLDER_PATH}/leveldb.framework",
				"${TARGET_BUILD_DIR}/${FRAMEWORKS_FOLDER_PATH}/Lottie.framework",
				"${TARGET_BUILD_DIR}/${FRAMEWORKS_FOLDER_PATH}/nanopb.framework",
			);
			runOnlyForDeploymentPostprocessing = 0;
			shellPath = /bin/sh;
			shellScript = "\"${SRCROOT}/Pods/Target Support Files/Pods-Pascal/Pods-Pascal-frameworks.sh\"\n";
			showEnvVarsInLog = 0;
		};
		A8E7554B3CE779B5FCCD369F /* [CP] Check Pods Manifest.lock */ = {
			isa = PBXShellScriptBuildPhase;
			buildActionMask = 2147483647;
			files = (
			);
			inputFileListPaths = (
			);
			inputPaths = (
				"${PODS_PODFILE_DIR_PATH}/Podfile.lock",
				"${PODS_ROOT}/Manifest.lock",
			);
			name = "[CP] Check Pods Manifest.lock";
			outputFileListPaths = (
			);
			outputPaths = (
				"$(DERIVED_FILE_DIR)/Pods-Pascal-checkManifestLockResult.txt",
			);
			runOnlyForDeploymentPostprocessing = 0;
			shellPath = /bin/sh;
			shellScript = "diff \"${PODS_PODFILE_DIR_PATH}/Podfile.lock\" \"${PODS_ROOT}/Manifest.lock\" > /dev/null\nif [ $? != 0 ] ; then\n    # print error to STDERR\n    echo \"error: The sandbox is not in sync with the Podfile.lock. Run 'pod install' or update your CocoaPods installation.\" >&2\n    exit 1\nfi\n# This output is used by Xcode 'outputs' to avoid re-running this script phase.\necho \"SUCCESS\" > \"${SCRIPT_OUTPUT_FILE_0}\"\n";
			showEnvVarsInLog = 0;
		};
/* End PBXShellScriptBuildPhase section */

/* Begin PBXSourcesBuildPhase section */
		5EA4360C228748110022D9AE /* Sources */ = {
			isa = PBXSourcesBuildPhase;
			buildActionMask = 2147483647;
			files = (
				5E8F42F022A4B72D00671BEE /* PaymentScreenViewController.swift in Sources */,
				5E71331E2291E97A003ABFC8 /* SignUpViewController.swift in Sources */,
				5E5AD29C2291E60B001979E7 /* ForgotPasswordViewController.swift in Sources */,
				5EDAE8EF229C6ABF00562D97 /* BluetoothInterface.swift in Sources */,
				5EDAE8FA229C997C00562D97 /* PaymentViewController.swift in Sources */,
				5E8F42DF22A46A0B00671BEE /* CardNumberTableViewCell.swift in Sources */,
				5EA43616228748110022D9AE /* ViewController.swift in Sources */,
				5E8F42DD22A468E800671BEE /* SelectPaymentViewController.swift in Sources */,
				5EDAE8F4229C714900562D97 /* LandingPageViewController.swift in Sources */,
				5E8F42F422A4C12A00671BEE /* AddACard2TableViewCell.swift in Sources */,
				5E71332422920035003ABFC8 /* WriteToDatabase.swift in Sources */,
				5E8F42EE22A4938D00671BEE /* ThirdPageViewController.swift in Sources */,
				5E8F42EC22A4938100671BEE /* SecondPageViewController.swift in Sources */,
				5E8F42E322A47BF000671BEE /* CurrentStatusViewController.swift in Sources */,
				5EA43614228748110022D9AE /* AppDelegate.swift in Sources */,
				5E7133222291FFC9003ABFC8 /* User.swift in Sources */,
				5E71331C2291E7D6003ABFC8 /* LaunchScreenViewController.swift in Sources */,
				5EDAE8E9229C666300562D97 /* BluetoothViewController.swift in Sources */,
				5E8F42DB22A4637700671BEE /* SerialNumberViewController.swift in Sources */,
				5EDAE8FC229CAA6B00562D97 /* SettingsViewController.swift in Sources */,
				5E8F42EA22A492F400671BEE /* FirstPageViewController.swift in Sources */,
				5EDAE8F8229C821600562D97 /* GradientLayer.swift in Sources */,
				5E7133202291EA91003ABFC8 /* VerificationScreenViewController.swift in Sources */,
				5E8F42E122A472E500671BEE /* AddACardTableViewCell.swift in Sources */,
				5E6926A7228755C000AF50FC /* Authenticate.swift in Sources */,
				5EDAE8F6229C7C0500562D97 /* MenuBarViewController.swift in Sources */,
				5E8F42F222A4C10300671BEE /* CardNumber2TableViewCell.swift in Sources */,
			);
			runOnlyForDeploymentPostprocessing = 0;
		};
/* End PBXSourcesBuildPhase section */

/* Begin PBXVariantGroup section */
		5EA43617228748110022D9AE /* Main.storyboard */ = {
			isa = PBXVariantGroup;
			children = (
				5EA43618228748110022D9AE /* Base */,
			);
			name = Main.storyboard;
			sourceTree = "<group>";
		};
		5EA4361C228748120022D9AE /* LaunchScreen.storyboard */ = {
			isa = PBXVariantGroup;
			children = (
				5EA4361D228748120022D9AE /* Base */,
			);
			name = LaunchScreen.storyboard;
			sourceTree = "<group>";
		};
/* End PBXVariantGroup section */

/* Begin XCBuildConfiguration section */
		5EA43620228748120022D9AE /* Debug */ = {
			isa = XCBuildConfiguration;
			buildSettings = {
				ALWAYS_SEARCH_USER_PATHS = NO;
				CLANG_ANALYZER_NONNULL = YES;
				CLANG_ANALYZER_NUMBER_OBJECT_CONVERSION = YES_AGGRESSIVE;
				CLANG_CXX_LANGUAGE_STANDARD = "gnu++14";
				CLANG_CXX_LIBRARY = "libc++";
				CLANG_ENABLE_MODULES = YES;
				CLANG_ENABLE_OBJC_ARC = YES;
				CLANG_ENABLE_OBJC_WEAK = YES;
				CLANG_WARN_BLOCK_CAPTURE_AUTORELEASING = YES;
				CLANG_WARN_BOOL_CONVERSION = YES;
				CLANG_WARN_COMMA = YES;
				CLANG_WARN_CONSTANT_CONVERSION = YES;
				CLANG_WARN_DEPRECATED_OBJC_IMPLEMENTATIONS = YES;
				CLANG_WARN_DIRECT_OBJC_ISA_USAGE = YES_ERROR;
				CLANG_WARN_DOCUMENTATION_COMMENTS = YES;
				CLANG_WARN_EMPTY_BODY = YES;
				CLANG_WARN_ENUM_CONVERSION = YES;
				CLANG_WARN_INFINITE_RECURSION = YES;
				CLANG_WARN_INT_CONVERSION = YES;
				CLANG_WARN_NON_LITERAL_NULL_CONVERSION = YES;
				CLANG_WARN_OBJC_IMPLICIT_RETAIN_SELF = YES;
				CLANG_WARN_OBJC_LITERAL_CONVERSION = YES;
				CLANG_WARN_OBJC_ROOT_CLASS = YES_ERROR;
				CLANG_WARN_RANGE_LOOP_ANALYSIS = YES;
				CLANG_WARN_STRICT_PROTOTYPES = YES;
				CLANG_WARN_SUSPICIOUS_MOVE = YES;
				CLANG_WARN_UNGUARDED_AVAILABILITY = YES_AGGRESSIVE;
				CLANG_WARN_UNREACHABLE_CODE = YES;
				CLANG_WARN__DUPLICATE_METHOD_MATCH = YES;
				CODE_SIGN_IDENTITY = "iPhone Developer";
				COPY_PHASE_STRIP = NO;
				DEBUG_INFORMATION_FORMAT = dwarf;
				ENABLE_STRICT_OBJC_MSGSEND = YES;
				ENABLE_TESTABILITY = YES;
				GCC_C_LANGUAGE_STANDARD = gnu11;
				GCC_DYNAMIC_NO_PIC = NO;
				GCC_NO_COMMON_BLOCKS = YES;
				GCC_OPTIMIZATION_LEVEL = 0;
				GCC_PREPROCESSOR_DEFINITIONS = (
					"DEBUG=1",
					"$(inherited)",
				);
				GCC_WARN_64_TO_32_BIT_CONVERSION = YES;
				GCC_WARN_ABOUT_RETURN_TYPE = YES_ERROR;
				GCC_WARN_UNDECLARED_SELECTOR = YES;
				GCC_WARN_UNINITIALIZED_AUTOS = YES_AGGRESSIVE;
				GCC_WARN_UNUSED_FUNCTION = YES;
				GCC_WARN_UNUSED_VARIABLE = YES;
				IPHONEOS_DEPLOYMENT_TARGET = 12.2;
				MTL_ENABLE_DEBUG_INFO = INCLUDE_SOURCE;
				MTL_FAST_MATH = YES;
				ONLY_ACTIVE_ARCH = YES;
				SDKROOT = iphoneos;
				SWIFT_ACTIVE_COMPILATION_CONDITIONS = DEBUG;
				SWIFT_OPTIMIZATION_LEVEL = "-Onone";
			};
			name = Debug;
		};
		5EA43621228748120022D9AE /* Release */ = {
			isa = XCBuildConfiguration;
			buildSettings = {
				ALWAYS_SEARCH_USER_PATHS = NO;
				CLANG_ANALYZER_NONNULL = YES;
				CLANG_ANALYZER_NUMBER_OBJECT_CONVERSION = YES_AGGRESSIVE;
				CLANG_CXX_LANGUAGE_STANDARD = "gnu++14";
				CLANG_CXX_LIBRARY = "libc++";
				CLANG_ENABLE_MODULES = YES;
				CLANG_ENABLE_OBJC_ARC = YES;
				CLANG_ENABLE_OBJC_WEAK = YES;
				CLANG_WARN_BLOCK_CAPTURE_AUTORELEASING = YES;
				CLANG_WARN_BOOL_CONVERSION = YES;
				CLANG_WARN_COMMA = YES;
				CLANG_WARN_CONSTANT_CONVERSION = YES;
				CLANG_WARN_DEPRECATED_OBJC_IMPLEMENTATIONS = YES;
				CLANG_WARN_DIRECT_OBJC_ISA_USAGE = YES_ERROR;
				CLANG_WARN_DOCUMENTATION_COMMENTS = YES;
				CLANG_WARN_EMPTY_BODY = YES;
				CLANG_WARN_ENUM_CONVERSION = YES;
				CLANG_WARN_INFINITE_RECURSION = YES;
				CLANG_WARN_INT_CONVERSION = YES;
				CLANG_WARN_NON_LITERAL_NULL_CONVERSION = YES;
				CLANG_WARN_OBJC_IMPLICIT_RETAIN_SELF = YES;
				CLANG_WARN_OBJC_LITERAL_CONVERSION = YES;
				CLANG_WARN_OBJC_ROOT_CLASS = YES_ERROR;
				CLANG_WARN_RANGE_LOOP_ANALYSIS = YES;
				CLANG_WARN_STRICT_PROTOTYPES = YES;
				CLANG_WARN_SUSPICIOUS_MOVE = YES;
				CLANG_WARN_UNGUARDED_AVAILABILITY = YES_AGGRESSIVE;
				CLANG_WARN_UNREACHABLE_CODE = YES;
				CLANG_WARN__DUPLICATE_METHOD_MATCH = YES;
				CODE_SIGN_IDENTITY = "iPhone Developer";
				COPY_PHASE_STRIP = NO;
				DEBUG_INFORMATION_FORMAT = "dwarf-with-dsym";
				ENABLE_NS_ASSERTIONS = NO;
				ENABLE_STRICT_OBJC_MSGSEND = YES;
				GCC_C_LANGUAGE_STANDARD = gnu11;
				GCC_NO_COMMON_BLOCKS = YES;
				GCC_WARN_64_TO_32_BIT_CONVERSION = YES;
				GCC_WARN_ABOUT_RETURN_TYPE = YES_ERROR;
				GCC_WARN_UNDECLARED_SELECTOR = YES;
				GCC_WARN_UNINITIALIZED_AUTOS = YES_AGGRESSIVE;
				GCC_WARN_UNUSED_FUNCTION = YES;
				GCC_WARN_UNUSED_VARIABLE = YES;
				IPHONEOS_DEPLOYMENT_TARGET = 12.2;
				MTL_ENABLE_DEBUG_INFO = NO;
				MTL_FAST_MATH = YES;
				SDKROOT = iphoneos;
				SWIFT_COMPILATION_MODE = wholemodule;
				SWIFT_OPTIMIZATION_LEVEL = "-O";
				VALIDATE_PRODUCT = YES;
			};
			name = Release;
		};
		5EA43623228748120022D9AE /* Debug */ = {
			isa = XCBuildConfiguration;
			baseConfigurationReference = 8D7F274FB70AB869C2962C77 /* Pods-Pascal.debug.xcconfig */;
			buildSettings = {
				ASSETCATALOG_COMPILER_APPICON_NAME = AppIcon;
				CODE_SIGN_STYLE = Automatic;
				DEVELOPMENT_TEAM = 7CFTN6YLZP;
				INFOPLIST_FILE = Pascal/Info.plist;
				LD_RUNPATH_SEARCH_PATHS = (
					"$(inherited)",
					"@executable_path/Frameworks",
				);
				PRODUCT_BUNDLE_IDENTIFIER = com.ECE140.Pascal;
				PRODUCT_NAME = "$(TARGET_NAME)";
				SWIFT_VERSION = 5.0;
				TARGETED_DEVICE_FAMILY = "1,2";
			};
			name = Debug;
		};
		5EA43624228748120022D9AE /* Release */ = {
			isa = XCBuildConfiguration;
			baseConfigurationReference = 41CD434056A190D3718DAC9A /* Pods-Pascal.release.xcconfig */;
			buildSettings = {
				ASSETCATALOG_COMPILER_APPICON_NAME = AppIcon;
				CODE_SIGN_STYLE = Automatic;
				DEVELOPMENT_TEAM = 7CFTN6YLZP;
				INFOPLIST_FILE = Pascal/Info.plist;
				LD_RUNPATH_SEARCH_PATHS = (
					"$(inherited)",
					"@executable_path/Frameworks",
				);
				PRODUCT_BUNDLE_IDENTIFIER = com.ECE140.Pascal;
				PRODUCT_NAME = "$(TARGET_NAME)";
				SWIFT_VERSION = 5.0;
				TARGETED_DEVICE_FAMILY = "1,2";
			};
			name = Release;
		};
/* End XCBuildConfiguration section */

/* Begin XCConfigurationList section */
		5EA4360B228748110022D9AE /* Build configuration list for PBXProject "Pascal" */ = {
			isa = XCConfigurationList;
			buildConfigurations = (
				5EA43620228748120022D9AE /* Debug */,
				5EA43621228748120022D9AE /* Release */,
			);
			defaultConfigurationIsVisible = 0;
			defaultConfigurationName = Release;
		};
		5EA43622228748120022D9AE /* Build configuration list for PBXNativeTarget "Pascal" */ = {
			isa = XCConfigurationList;
			buildConfigurations = (
				5EA43623228748120022D9AE /* Debug */,
				5EA43624228748120022D9AE /* Release */,
			);
			defaultConfigurationIsVisible = 0;
			defaultConfigurationName = Release;
		};
/* End XCConfigurationList section */
	};
	rootObject = 5EA43608228748110022D9AE /* Project object */;
}
